{
  "pins" : [
    {
      "identity" : "alamofire",
      "kind" : "remoteSourceControl",
      "location" : "https://github.com/Alamofire/Alamofire.git",
      "state" : {
        "revision" : "3dc6a42c7727c49bf26508e29b0a0b35f9c7e1ad",
        "version" : "5.8.1"
      }
    },
    {
      "identity" : "findmyiplib",
      "kind" : "remoteSourceControl",
      "location" : "https://github.com/k-code00/FindMyIPLib.git",
      "state" : {
        "branch" : "main",
        "revision" : "3bc7120479c3e828047c27bb624b4fc68cc94735"
      }
    }
  ],
  "version" : 2
}
